// !$*UTF8*$!
{
	archiveVersion = 1;
	classes = {
	};
	objectVersion = 46;
	objects = {

/* Begin PBXBuildFile section */
		05793FB21A9354EC0020CB69 /* AppDelegate.swift in Sources */ = {isa = PBXBuildFile; fileRef = 05793FB11A9354EC0020CB69 /* AppDelegate.swift */; };
		05793FB41A9354EC0020CB69 /* ViewController.swift in Sources */ = {isa = PBXBuildFile; fileRef = 05793FB31A9354EC0020CB69 /* ViewController.swift */; };
		05793FB71A9354EC0020CB69 /* Main.storyboard in Resources */ = {isa = PBXBuildFile; fileRef = 05793FB51A9354EC0020CB69 /* Main.storyboard */; };
		05793FB91A9354EC0020CB69 /* Images.xcassets in Resources */ = {isa = PBXBuildFile; fileRef = 05793FB81A9354EC0020CB69 /* Images.xcassets */; };
		05793FBC1A9354EC0020CB69 /* LaunchScreen.xib in Resources */ = {isa = PBXBuildFile; fileRef = 05793FBA1A9354EC0020CB69 /* LaunchScreen.xib */; };
		05793FC81A9354EC0020CB69 /* TableViewExampleTests.swift in Sources */ = {isa = PBXBuildFile; fileRef = 05793FC71A9354EC0020CB69 /* TableViewExampleTests.swift */; };
/* End PBXBuildFile section */

/* Begin PBXContainerItemProxy section */
		05793FC21A9354EC0020CB69 /* PBXContainerItemProxy */ = {
			isa = PBXContainerItemProxy;
			containerPortal = 05793FA41A9354EB0020CB69 /* Project object */;
			proxyType = 1;
			remoteGlobalIDString = 05793FAB1A9354EB0020CB69;
			remoteInfo = TableViewExample;
		};
/* End PBXContainerItemProxy section */

/* Begin PBXFileReference section */
		05793FAC1A9354EB0020CB69 /* TableViewExample.app */ = {isa = PBXFileReference; explicitFileType = wrapper.application; includeInIndex = 0; path = TableViewExample.app; sourceTree = BUILT_PRODUCTS_DIR; };
		05793FB01A9354EC0020CB69 /* Info.plist */ = {isa = PBXFileReference; lastKnownFileType = text.plist.xml; path = Info.plist; sourceTree = "<group>"; };
		05793FB11A9354EC0020CB69 /* AppDelegate.swift */ = {isa = PBXFileReference; lastKnownFileType = sourcecode.swift; path = AppDelegate.swift; sourceTree = "<group>"; };
		05793FB31A9354EC0020CB69 /* ViewController.swift */ = {isa = PBXFileReference; lastKnownFileType = sourcecode.swift; path = ViewController.swift; sourceTree = "<group>"; };
		05793FB61A9354EC0020CB69 /* Base */ = {isa = PBXFileReference; lastKnownFileType = file.storyboard; name = Base; path = Base.lproj/Main.storyboard; sourceTree = "<group>"; };
		05793FB81A9354EC0020CB69 /* Images.xcassets */ = {isa = PBXFileReference; lastKnownFileType = folder.assetcatalog; path = Images.xcassets; sourceTree = "<group>"; };
		05793FBB1A9354EC0020CB69 /* Base */ = {isa = PBXFileReference; lastKnownFileType = file.xib; name = Base; path = Base.lproj/LaunchScreen.xib; sourceTree = "<group>"; };
		05793FC11A9354EC0020CB69 /* TableViewExampleTests.xctest */ = {isa = PBXFileReference; explicitFileType = wrapper.cfbundle; includeInIndex = 0; path = TableViewExampleTests.xctest; sourceTree = BUILT_PRODUCTS_DIR; };
		05793FC61A9354EC0020CB69 /* Info.plist */ = {isa = PBXFileReference; lastKnownFileType = text.plist.xml; path = Info.plist; sourceTree = "<group>"; };
		05793FC71A9354EC0020CB69 /* TableViewExampleTests.swift */ = {isa = PBXFileReference; lastKnownFileType = sourcecode.swift; path = TableViewExampleTests.swift; sourceTree = "<group>"; };
/* End PBXFileReference section */

/* Begin PBXFrameworksBuildPhase section */
		05793FA91A9354EB0020CB69 /* Frameworks */ = {
			isa = PBXFrameworksBuildPhase;
			buildActionMask = 2147483647;
			files = (
			);
			runOnlyForDeploymentPostprocessing = 0;
		};
		05793FBE1A9354EC0020CB69 /* Frameworks */ = {
			isa = PBXFrameworksBuildPhase;
			buildActionMask = 2147483647;
			files = (
			);
			runOnlyForDeploymentPostprocessing = 0;
		};
/* End PBXFrameworksBuildPhase section */

/* Begin PBXGroup section */
		05793FA31A9354EB0020CB69 = {
			isa = PBXGroup;
			children = (
				05793FAE1A9354EB0020CB69 /* TableViewExample */,
				05793FC41A9354EC0020CB69 /* TableViewExampleTests */,
				05793FAD1A9354EB0020CB69 /* Products */,
			);
			sourceTree = "<group>";
		};
		05793FAD1A9354EB0020CB69 /* Products */ = {
			isa = PBXGroup;
			children = (
				05793FAC1A9354EB0020CB69 /* TableViewExample.app */,
				05793FC11A9354EC0020CB69 /* TableViewExampleTests.xctest */,
			);
			name = Products;
			sourceTree = "<group>";
		};
		05793FAE1A9354EB0020CB69 /* TableViewExample */ = {
			isa = PBXGroup;
			children = (
				05793FB11A9354EC0020CB69 /* AppDelegate.swift */,
				05793FB31A9354EC0020CB69 /* ViewController.swift */,
				05793FB51A9354EC0020CB69 /* Main.storyboard */,
				05793FB81A9354EC0020CB69 /* Images.xcassets */,
				05793FBA1A9354EC0020CB69 /* LaunchScreen.xib */,
				05793FAF1A9354EB0020CB69 /* Supporting Files */,
			);
			path = TableViewExample;
			sourceTree = "<group>";
		};
		05793FAF1A9354EB0020CB69 /* Supporting Files */ = {
			isa = PBXGroup;
			children = (
				05793FB01A9354EC0020CB69 /* Info.plist */,
			);
			name = "Supporting Files";
			sourceTree = "<group>";
		};
		05793FC41A9354EC0020CB69 /* TableViewExampleTests */ = {
			isa = PBXGroup;
			children = (
				05793FC71A9354EC0020CB69 /* TableViewExampleTests.swift */,
				05793FC51A9354EC0020CB69 /* Supporting Files */,
			);
			path = TableViewExampleTests;
			sourceTree = "<group>";
		};
		05793FC51A9354EC0020CB69 /* Supporting Files */ = {
			isa = PBXGroup;
			children = (
				05793FC61A9354EC0020CB69 /* Info.plist */,
			);
			name = "Supporting Files";
			sourceTree = "<group>";
		};
/* End PBXGroup section */

/* Begin PBXNativeTarget section */
		05793FAB1A9354EB0020CB69 /* TableViewExample */ = {
			isa = PBXNativeTarget;
			buildConfigurationList = 05793FCB1A9354EC0020CB69 /* Build configuration list for PBXNativeTarget "TableViewExample" */;
			buildPhases = (
				05793FA81A9354EB0020CB69 /* Sources */,
				05793FA91A9354EB0020CB69 /* Frameworks */,
				05793FAA1A9354EB0020CB69 /* Resources */,
			);
			buildRules = (
			);
			dependencies = (
			);
			name = TableViewExample;
			productName = TableViewExample;
			productReference = 05793FAC1A9354EB0020CB69 /* TableViewExample.app */;
			productType = "com.apple.product-type.application";
		};
		05793FC01A9354EC0020CB69 /* TableViewExampleTests */ = {
			isa = PBXNativeTarget;
			buildConfigurationList = 05793FCE1A9354EC0020CB69 /* Build configuration list for PBXNativeTarget "TableViewExampleTests" */;
			buildPhases = (
				05793FBD1A9354EC0020CB69 /* Sources */,
				05793FBE1A9354EC0020CB69 /* Frameworks */,
				05793FBF1A9354EC0020CB69 /* Resources */,
			);
			buildRules = (
			);
			dependencies = (
				05793FC31A9354EC0020CB69 /* PBXTargetDependency */,
			);
			name = TableViewExampleTests;
			productName = TableViewExampleTests;
			productReference = 05793FC11A9354EC0020CB69 /* TableViewExampleTests.xctest */;
			productType = "com.apple.product-type.bundle.unit-test";
		};
/* End PBXNativeTarget section */

/* Begin PBXProject section */
		05793FA41A9354EB0020CB69 /* Project object */ = {
			isa = PBXProject;
			attributes = {
				LastUpgradeCheck = 0610;
				ORGANIZATIONNAME = com.Yadava.tech;
				TargetAttributes = {
					05793FAB1A9354EB0020CB69 = {
						CreatedOnToolsVersion = 6.1.1;
					};
					05793FC01A9354EC0020CB69 = {
						CreatedOnToolsVersion = 6.1.1;
						TestTargetID = 05793FAB1A9354EB0020CB69;
					};
				};
			};
			buildConfigurationList = 05793FA71A9354EB0020CB69 /* Build configuration list for PBXProject "TableViewExample" */;
			compatibilityVersion = "Xcode 3.2";
			developmentRegion = English;
			hasScannedForEncodings = 0;
			knownRegions = (
				en,
				Base,
			);
			mainGroup = 05793FA31A9354EB0020CB69;
			productRefGroup = 05793FAD1A9354EB0020CB69 /* Products */;
			projectDirPath = "";
			projectRoot = "";
			targets = (
				05793FAB1A9354EB0020CB69 /* TableViewExample */,
				05793FC01A9354EC0020CB69 /* TableViewExampleTests */,
			);
		};
/* End PBXProject section */

/* Begin PBXResourcesBuildPhase section */
		05793FAA1A9354EB0020CB69 /* Resources */ = {
			isa = PBXResourcesBuildPhase;
			buildActionMask = 2147483647;
			files = (
				05793FB71A9354EC0020CB69 /* Main.storyboard in Resources */,
				05793FBC1A9354EC0020CB69 /* LaunchScreen.xib in Resources */,
				05793FB91A9354EC0020CB69 /* Images.xcassets in Resources */,
			);
			runOnlyForDeploymentPostprocessing = 0;
		};
		05793FBF1A9354EC0020CB69 /* Resources */ = {
			isa = PBXResourcesBuildPhase;
			buildActionMask = 2147483647;
			files = (
			);
			runOnlyForDeploymentPostprocessing = 0;
		};
/* End PBXResourcesBuildPhase section */

/* Begin PBXSourcesBuildPhase section */
		05793FA81A9354EB0020CB69 /* Sources */ = {
			isa = PBXSourcesBuildPhase;
			buildActionMask = 2147483647;
			files = (
				05793FB41A9354EC0020CB69 /* ViewController.swift in Sources */,
				05793FB21A9354EC0020CB69 /* AppDelegate.swift in Sources */,
			);
			runOnlyForDeploymentPostprocessing = 0;
		};
		05793FBD1A9354EC0020CB69 /* Sources */ = {
			isa = PBXSourcesBuildPhase;
			buildActionMask = 2147483647;
			files = (
				05793FC81A9354EC0020CB69 /* TableViewExampleTests.swift in Sources */,
			);
			runOnlyForDeploymentPostprocessing = 0;
		};
/* End PBXSourcesBuildPhase section */

/* Begin PBXTargetDependency section */
		05793FC31A9354EC0020CB69 /* PBXTargetDependency */ = {
			isa = PBXTargetDependency;
			target = 05793FAB1A9354EB0020CB69 /* TableViewExample */;
			targetProxy = 05793FC21A9354EC0020CB69 /* PBXContainerItemProxy */;
		};
/* End PBXTargetDependency section */

/* Begin PBXVariantGroup section */
		05793FB51A9354EC0020CB69 /* Main.storyboard */ = {
			isa = PBXVariantGroup;
			children = (
				05793FB61A9354EC0020CB69 /* Base */,
			);
			name = Main.storyboard;
			sourceTree = "<group>";
		};
		05793FBA1A9354EC0020CB69 /* LaunchScreen.xib */ = {
			isa = PBXVariantGroup;
			children = (
				05793FBB1A9354EC0020CB69 /* Base */,
			);
			name = LaunchScreen.xib;
			sourceTree = "<group>";
		};
/* End PBXVariantGroup section */

/* Begin XCBuildConfiguration section */
		05793FC91A9354EC0020CB69 /* Debug */ = {
			isa = XCBuildConfiguration;
			buildSettings = {
				ALWAYS_SEARCH_USER_PATHS = NO;
				CLANG_CXX_LANGUAGE_STANDARD = "gnu++0x";
				CLANG_CXX_LIBRARY = "libc++";
				CLANG_ENABLE_MODULES = YES;
				CLANG_ENABLE_OBJC_ARC = YES;
				CLANG_WARN_BOOL_CONVERSION = YES;
				CLANG_WARN_CONSTANT_CONVERSION = YES;
				CLANG_WARN_DIRECT_OBJC_ISA_USAGE = YES_ERROR;
				CLANG_WARN_EMPTY_BODY = YES;
				CLANG_WARN_ENUM_CONVERSION = YES;
				CLANG_WARN_INT_CONVERSION = YES;
				CLANG_WARN_OBJC_ROOT_CLASS = YES_ERROR;
				CLANG_WARN_UNREACHABLE_CODE = YES;
				CLANG_WARN__DUPLICATE_METHOD_MATCH = YES;
				"CODE_SIGN_IDENTITY[sdk=iphoneos*]" = "iPhone Developer";
				COPY_PHASE_STRIP = NO;
				ENABLE_STRICT_OBJC_MSGSEND = YES;
				GCC_C_LANGUAGE_STANDARD = gnu99;
				GCC_DYNAMIC_NO_PIC = NO;
				GCC_OPTIMIZATION_LEVEL = 0;
				GCC_PREPROCESSOR_DEFINITIONS = (
					"DEBUG=1",
					"$(inherited)",
				);
				GCC_SYMBOLS_PRIVATE_EXTERN = NO;
				GCC_WARN_64_TO_32_BIT_CONVERSION = YES;
				GCC_WARN_ABOUT_RETURN_TYPE = YES_ERROR;
				GCC_WARN_UNDECLARED_SELECTOR = YES;
				GCC_WARN_UNINITIALIZED_AUTOS = YES_AGGRESSIVE;
				GCC_WARN_UNUSED_FUNCTION = YES;
				GCC_WARN_UNUSED_VARIABLE = YES;
				IPHONEOS_DEPLOYMENT_TARGET = 8.1;
				MTL_ENABLE_DEBUG_INFO = YES;
				ONLY_ACTIVE_ARCH = YES;
				SDKROOT = iphoneos;
				SWIFT_OPTIMIZATION_LEVEL = "-Onone";
				TARGETED_DEVICE_FAMILY = "1,2";
			};
			name = Debug;
		};
		05793FCA1A9354EC0020CB69 /* Release */ = {
			isa = XCBuildConfiguration;
			buildSettings = {
				ALWAYS_SEARCH_USER_PATHS = NO;
				CLANG_CXX_LANGUAGE_STANDARD = "gnu++0x";
				CLANG_CXX_LIBRARY = "libc++";
				CLANG_ENABLE_MODULES = YES;
				CLANG_ENABLE_OBJC_ARC = YES;
				CLANG_WARN_BOOL_CONVERSION = YES;
				CLANG_WARN_CONSTANT_CONVERSION = YES;
				CLANG_WARN_DIRECT_OBJC_ISA_USAGE = YES_ERROR;
				CLANG_WARN_EMPTY_BODY = YES;
				CLANG_WARN_ENUM_CONVERSION = YES;
				CLANG_WARN_INT_CONVERSION = YES;
				CLANG_WARN_OBJC_ROOT_CLASS = YES_ERROR;
				CLANG_WARN_UNREACHABLE_CODE = YES;
				CLANG_WARN__DUPLICATE_METHOD_MATCH = YES;
				"CODE_SIGN_IDENTITY[sdk=iphoneos*]" = "iPhone Developer";
				COPY_PHASE_STRIP = YES;
				ENABLE_NS_ASSERTIONS = NO;
				ENABLE_STRICT_OBJC_MSGSEND = YES;
				GCC_C_LANGUAGE_STANDARD = gnu99;
				GCC_WARN_64_TO_32_BIT_CONVERSION = YES;
				GCC_WARN_ABOUT_RETURN_TYPE = YES_ERROR;
				GCC_WARN_UNDECLARED_SELECTOR = YES;
				GCC_WARN_UNINITIALIZED_AUTOS = YES_AGGRESSIVE;
				GCC_WARN_UNUSED_FUNCTION = YES;
				GCC_WARN_UNUSED_VARIABLE = YES;
				IPHONEOS_DEPLOYMENT_TARGET = 8.1;
				MTL_ENABLE_DEBUG_INFO = NO;
				SDKROOT = iphoneos;
				TARGETED_DEVICE_FAMILY = "1,2";
				VALIDATE_PRODUCT = YES;
			};
			name = Release;
		};
		05793FCC1A9354EC0020CB69 /* Debug */ = {
			isa = XCBuildConfiguration;
			buildSettings = {
				ASSETCATALOG_COMPILER_APPICON_NAME = AppIcon;
				INFOPLIST_FILE = TableViewExample/Info.plist;
				LD_RUNPATH_SEARCH_PATHS = "$(inherited) @executable_path/Frameworks";
				PRODUCT_NAME = "$(TARGET_NAME)";
			};
			name = Debug;
		};
		05793FCD1A9354EC0020CB69 /* Release */ = {
			isa = XCBuildConfiguration;
			buildSettings = {
				ASSETCATALOG_COMPILER_APPICON_NAME = AppIcon;
				INFOPLIST_FILE = TableViewExample/Info.plist;
				LD_RUNPATH_SEARCH_PATHS = "$(inherited) @executable_path/Frameworks";
				PRODUCT_NAME = "$(TARGET_NAME)";
			};
			name = Release;
		};
		05793FCF1A9354EC0020CB69 /* Debug */ = {
			isa = XCBuildConfiguration;
			buildSettings = {
				BUNDLE_LOADER = "$(TEST_HOST)";
				FRAMEWORK_SEARCH_PATHS = (
					"$(SDKROOT)/Developer/Library/Frameworks",
					"$(inherited)",
				);
				GCC_PREPROCESSOR_DEFINITIONS = (
					"DEBUG=1",
					"$(inherited)",
				);
				INFOPLIST_FILE = TableViewExampleTests/Info.plist;
				LD_RUNPATH_SEARCH_PATHS = "$(inherited) @executable_path/Frameworks @loader_path/Frameworks";
				PRODUCT_NAME = "$(TARGET_NAME)";
				TEST_HOST = "$(BUILT_PRODUCTS_DIR)/TableViewExample.app/TableViewExample";
			};
			name = Debug;
		};
		05793FD01A9354EC0020CB69 /* Release */ = {
			isa = XCBuildConfiguration;
			buildSettings = {
				BUNDLE_LOADER = "$(TEST_HOST)";
				FRAMEWORK_SEARCH_PATHS = (
					"$(SDKROOT)/Developer/Library/Frameworks",
					"$(inherited)",
				);
				INFOPLIST_FILE = TableViewExampleTests/Info.plist;
				LD_RUNPATH_SEARCH_PATHS = "$(inherited) @executable_path/Frameworks @loader_path/Frameworks";
				PRODUCT_NAME = "$(TARGET_NAME)";
				TEST_HOST = "$(BUILT_PRODUCTS_DIR)/TableViewExample.app/TableViewExample";
			};
			name = Release;
		};
/* End XCBuildConfiguration section */

/* Begin XCConfigurationList section */
		05793FA71A9354EB0020CB69 /* Build configuration list for PBXProject "TableViewExample" */ = {
			isa = XCConfigurationList;
			buildConfigurations = (
				05793FC91A9354EC0020CB69 /* Debug */,
				05793FCA1A9354EC0020CB69 /* Release */,
			);
			defaultConfigurationIsVisible = 0;
			defaultConfigurationName = Release;
		};
		05793FCB1A9354EC0020CB69 /* Build configuration list for PBXNativeTarget "TableViewExample" */ = {
			isa = XCConfigurationList;
			buildConfigurations = (
				05793FCC1A9354EC0020CB69 /* Debug */,
				05793FCD1A9354EC0020CB69 /* Release */,
			);
			defaultConfigurationIsVisible = 0;
		};
		05793FCE1A9354EC0020CB69 /* Build configuration list for PBXNativeTarget "TableViewExampleTests" */ = {
			isa = XCConfigurationList;
			buildConfigurations = (
				05793FCF1A9354EC0020CB69 /* Debug */,
				05793FD01A9354EC0020CB69 /* Release */,
			);
			defaultConfigurationIsVisible = 0;
		};
/* End XCConfigurationList section */
	};
	rootObject = 05793FA41A9354EB0020CB69 /* Project object */;
}
